{
  "nodes": {
    "chalmers-search-exam": {
      "inputs": {
        "nixpkgs": "nixpkgs"
      },
      "locked": {
        "lastModified": 1769559543,
        "narHash": "sha256-/PTXGnL3zN5wxbCMkjqg7YF2vVN0QTGkhPJ8N2saVWY=",
        "owner": "olillin",
        "repo": "chalmers-search-exam",
        "rev": "bffe0beaa591a881a8dc6474099c4806c6b3e420",
        "type": "github"
      },
      "original": {
        "owner": "olillin",
        "repo": "chalmers-search-exam",
        "type": "github"
      }
    },
    "disko": {
      "inputs": {
        "nixpkgs": "nixpkgs_2"
      },
      "locked": {
        "lastModified": 1768920986,
        "narHash": "sha256-CNzzBsRhq7gg4BMBuTDObiWDH/rFYHEuDRVOwCcwXw4=",
        "owner": "nix-community",
        "repo": "disko",
        "rev": "de5708739256238fb912c62f03988815db89ec9a",
        "type": "github"
      },
      "original": {
        "owner": "nix-community",
        "ref": "latest",
        "repo": "disko",
        "type": "github"
      }
    },
    "home-manager": {
      "inputs": {
        "nixpkgs": "nixpkgs_3"
      },
      "locked": {
        "lastModified": 1770260404,
        "narHash": "sha256-3iVX1+7YUIt23hBx1WZsUllhbmP2EnXrV8tCRbLxHc8=",
        "owner": "nix-community",
        "repo": "home-manager",
        "rev": "0d782ee42c86b196acff08acfbf41bb7d13eed5b",
        "type": "github"
      },
      "original": {
        "owner": "nix-community",
        "ref": "release-25.11",
        "repo": "home-manager",
        "type": "github"
      }
    },
    "md307": {
      "inputs": {
        "nixpkgs": "nixpkgs_4"
      },
      "locked": {
        "lastModified": 1769727657,
        "narHash": "sha256-d4Q4d7P0Xof+zKS6DTutedXksFhvlliG6dTA+JmzCTU=",
        "owner": "olillin",
        "repo": "eda482-md307-flake",
        "rev": "87458873c0a406e450ffa7244531c46926628c8e",
        "type": "github"
      },
      "original": {
        "owner": "olillin",
        "repo": "eda482-md307-flake",
        "type": "github"
      }
    },
    "nixpkgs": {
      "locked": {
        "lastModified": 1769318308,
        "narHash": "sha256-Mjx6p96Pkefks3+aA+72lu1xVehb6mv2yTUUqmSet6Q=",
        "owner": "nixos",
        "repo": "nixpkgs",
        "rev": "1cd347bf3355fce6c64ab37d3967b4a2cb4b878c",
        "type": "github"
      },
      "original": {
        "owner": "nixos",
        "ref": "nixos-25.11",
        "repo": "nixpkgs",
        "type": "github"
      }
    },
    "nixpkgs-unstable": {
      "locked": {
        "lastModified": 1770562336,
        "narHash": "sha256-ub1gpAONMFsT/GU2hV6ZWJjur8rJ6kKxdm9IlCT0j84=",
        "owner": "nixos",
        "repo": "nixpkgs",
        "rev": "d6c71932130818840fc8fe9509cf50be8c64634f",
        "type": "github"
      },
      "original": {
        "owner": "nixos",
        "ref": "nixos-unstable",
        "repo": "nixpkgs",
        "type": "github"
      }
    },
    "nixpkgs_2": {
      "locked": {
        "lastModified": 1768661221,
        "narHash": "sha256-MJwOjrIISfOpdI9x4C+5WFQXvHtOuj5mqLZ4TMEtk1M=",
        "owner": "NixOS",
        "repo": "nixpkgs",
        "rev": "3327b113f2ef698d380df83fbccefad7e83d7769",
        "type": "github"
      },
      "original": {
        "owner": "NixOS",
        "ref": "nixpkgs-unstable",
        "repo": "nixpkgs",
        "type": "github"
      }
    },
    "nixpkgs_3": {
      "locked": {
        "lastModified": 1770136044,
        "narHash": "sha256-tlFqNG/uzz2++aAmn4v8J0vAkV3z7XngeIIB3rM3650=",
        "owner": "NixOS",
        "repo": "nixpkgs",
        "rev": "e576e3c9cf9bad747afcddd9e34f51d18c855b4e",
        "type": "github"
      },
      "original": {
        "owner": "NixOS",
        "ref": "nixos-25.11",
        "repo": "nixpkgs",
        "type": "github"
      }
    },
    "nixpkgs_4": {
      "locked": {
        "lastModified": 1768773494,
        "narHash": "sha256-XsM7GP3jHlephymxhDE+/TKKO1Q16phz/vQiLBGhpF4=",
        "owner": "nixos",
        "repo": "nixpkgs",
        "rev": "77ef7a29d276c6d8303aece3444d61118ef71ac2",
        "type": "github"
      },
      "original": {
        "owner": "nixos",
        "ref": "nixos-25.11",
        "repo": "nixpkgs",
        "type": "github"
      }
    },
    "nixpkgs_5": {
      "locked": {
        "lastModified": 1770464364,
        "narHash": "sha256-z5NJPSBwsLf/OfD8WTmh79tlSU8XgIbwmk6qB1/TFzY=",
        "owner": "nixos",
        "repo": "nixpkgs",
        "rev": "23d72dabcb3b12469f57b37170fcbc1789bd7457",
        "type": "github"
      },
      "original": {
        "owner": "nixos",
        "ref": "nixos-25.11",
        "repo": "nixpkgs",
        "type": "github"
      }
    },
    "root": {
      "inputs": {
        "chalmers-search-exam": "chalmers-search-exam",
        "disko": "disko",
        "home-manager": "home-manager",
        "md307": "md307",
        "nixpkgs": "nixpkgs_5",
        "nixpkgs-unstable": "nixpkgs-unstable"
      }
    }
  },
  "root": "root",
  "version": 7
}
