{
  "nodes": {
    "chalmers-search-exam": {
      "inputs": {
        "nixpkgs": "nixpkgs"
      },
      "locked": {
        "lastModified": 1769556453,
        "narHash": "sha256-ZUTLyHn4XEp/GkEn3G4bdKtC8gHBUBIocnbgN/iczLM=",
        "owner": "olillin",
        "repo": "chalmers-search-exam",
        "rev": "efbad35140c5df797980965add5e98df23e21a34",
        "type": "github"
      },
      "original": {
        "owner": "olillin",
        "repo": "chalmers-search-exam",
        "type": "github"
      }
    },
    "home-manager": {
      "inputs": {
        "nixpkgs": "nixpkgs_2"
      },
      "locked": {
        "lastModified": 1769450270,
        "narHash": "sha256-pdVm/zJazDUAasTyHFX/Pbrlk9Upjxi0yzgn7GjGe4g=",
        "owner": "nix-community",
        "repo": "home-manager",
        "rev": "a10c1e8f5ad2589414407f4851c221cb66270257",
        "type": "github"
      },
      "original": {
        "owner": "nix-community",
        "ref": "master",
        "repo": "home-manager",
        "type": "github"
      }
    },
    "md307": {
      "inputs": {
        "nixpkgs": "nixpkgs_3"
      },
      "locked": {
        "lastModified": 1769546038,
        "narHash": "sha256-Du6K5pT/wZD00DUmAxP+xVdCnuJjqhZYG7TB+d2RmPM=",
        "owner": "olillin",
        "repo": "eda482-md307-flake",
        "rev": "2e42d48085af44e6212cc492400082a4c72f8964",
        "type": "github"
      },
      "original": {
        "owner": "olillin",
        "repo": "eda482-md307-flake",
        "type": "github"
      }
    },
    "nixos-fonts": {
      "inputs": {
        "nixpkgs": "nixpkgs_4"
      },
      "locked": {
        "lastModified": 1738817211,
        "narHash": "sha256-7fn9gP1kNlGt99uzfKv/pC1r218nsKCZUQs/8u1Umys=",
        "owner": "Takamatsu-Naoki",
        "repo": "nixos-fonts",
        "rev": "600db74e940f9e5ac8db8d48ee5c852facc4c513",
        "type": "github"
      },
      "original": {
        "owner": "Takamatsu-Naoki",
        "repo": "nixos-fonts",
        "type": "github"
      }
    },
    "nixpkgs": {
      "locked": {
        "lastModified": 1769318308,
        "narHash": "sha256-Mjx6p96Pkefks3+aA+72lu1xVehb6mv2yTUUqmSet6Q=",
        "owner": "nixos",
        "repo": "nixpkgs",
        "rev": "1cd347bf3355fce6c64ab37d3967b4a2cb4b878c",
        "type": "github"
      },
      "original": {
        "owner": "nixos",
        "ref": "nixos-25.11",
        "repo": "nixpkgs",
        "type": "github"
      }
    },
    "nixpkgs_2": {
      "locked": {
        "lastModified": 1769018530,
        "narHash": "sha256-MJ27Cy2NtBEV5tsK+YraYr2g851f3Fl1LpNHDzDX15c=",
        "owner": "NixOS",
        "repo": "nixpkgs",
        "rev": "88d3861acdd3d2f0e361767018218e51810df8a1",
        "type": "github"
      },
      "original": {
        "owner": "NixOS",
        "ref": "nixos-unstable",
        "repo": "nixpkgs",
        "type": "github"
      }
    },
    "nixpkgs_3": {
      "locked": {
        "lastModified": 1768773494,
        "narHash": "sha256-XsM7GP3jHlephymxhDE+/TKKO1Q16phz/vQiLBGhpF4=",
        "owner": "nixos",
        "repo": "nixpkgs",
        "rev": "77ef7a29d276c6d8303aece3444d61118ef71ac2",
        "type": "github"
      },
      "original": {
        "owner": "nixos",
        "ref": "nixos-25.11",
        "repo": "nixpkgs",
        "type": "github"
      }
    },
    "nixpkgs_4": {
      "locked": {
        "lastModified": 1769170682,
        "narHash": "sha256-oMmN1lVQU0F0W2k6OI3bgdzp2YOHWYUAw79qzDSjenU=",
        "owner": "NixOS",
        "repo": "nixpkgs",
        "rev": "c5296fdd05cfa2c187990dd909864da9658df755",
        "type": "github"
      },
      "original": {
        "owner": "NixOS",
        "ref": "nixos-unstable",
        "repo": "nixpkgs",
        "type": "github"
      }
    },
    "nixpkgs_5": {
      "locked": {
        "lastModified": 1769170682,
        "narHash": "sha256-oMmN1lVQU0F0W2k6OI3bgdzp2YOHWYUAw79qzDSjenU=",
        "owner": "nixos",
        "repo": "nixpkgs",
        "rev": "c5296fdd05cfa2c187990dd909864da9658df755",
        "type": "github"
      },
      "original": {
        "owner": "nixos",
        "ref": "nixos-unstable",
        "repo": "nixpkgs",
        "type": "github"
      }
    },
    "nixpkgs_6": {
      "locked": {
        "lastModified": 1748188598,
        "narHash": "sha256-eEejmrHX8rzpm1f4YqZmip+9myjjmqSjUoUxMIyybmo=",
        "owner": "NixOS",
        "repo": "nixpkgs",
        "rev": "a4899592f355f8d172e5078ef7354a81ef494f3a",
        "type": "github"
      },
      "original": {
        "owner": "NixOS",
        "repo": "nixpkgs",
        "type": "github"
      }
    },
    "root": {
      "inputs": {
        "chalmers-search-exam": "chalmers-search-exam",
        "home-manager": "home-manager",
        "md307": "md307",
        "nixos-fonts": "nixos-fonts",
        "nixpkgs": "nixpkgs_5",
        "swaymonad": "swaymonad"
      }
    },
    "swaymonad": {
      "inputs": {
        "nixpkgs": "nixpkgs_6",
        "utils": "utils"
      },
      "locked": {
        "lastModified": 1748311551,
        "narHash": "sha256-AGIA+bT2CrHODMhGU2aoXJW2nAixpK/r8Rpz5w0YD5U=",
        "owner": "nicolasavru",
        "repo": "swaymonad",
        "rev": "a0daba22c63d68a23c678ed81b7a851b2bfc3600",
        "type": "github"
      },
      "original": {
        "owner": "nicolasavru",
        "repo": "swaymonad",
        "type": "github"
      }
    },
    "systems": {
      "locked": {
        "lastModified": 1681028828,
        "narHash": "sha256-Vy1rq5AaRuLzOxct8nz4T6wlgyUR7zLU309k9mBC768=",
        "owner": "nix-systems",
        "repo": "default",
        "rev": "da67096a3b9bf56a91d16901293e51ba5b49a27e",
        "type": "github"
      },
      "original": {
        "owner": "nix-systems",
        "repo": "default",
        "type": "github"
      }
    },
    "utils": {
      "inputs": {
        "systems": "systems"
      },
      "locked": {
        "lastModified": 1731533236,
        "narHash": "sha256-l0KFg5HjrsfsO/JpG+r7fRrqm12kzFHyUHqHCVpMMbI=",
        "owner": "numtide",
        "repo": "flake-utils",
        "rev": "11707dc2f618dd54ca8739b309ec4fc024de578b",
        "type": "github"
      },
      "original": {
        "owner": "numtide",
        "repo": "flake-utils",
        "type": "github"
      }
    }
  },
  "root": "root",
  "version": 7
}
